
Microsoft Visual Studio Solution File, Format Version 12.00
# Visual Studio Version 16
VisualStudioVersion = 16.0.34301.259
MinimumVisualStudioVersion = 10.0.40219.1
Project("{FAE04EC0-301F-11D3-BF4B-00C04F79EFBC}") = "Aula-27-05", "Aula-27-05.csproj", "{FD4333A7-8D51-4D81-8F14-0619525F697E}"
EndProject
Global
	GlobalSection(SolutionConfigurationPlatforms) = preSolution
		Debug|Any CPU = Debug|Any CPU
		Release|Any CPU = Release|Any CPU
	EndGlobalSection
	GlobalSection(ProjectConfigurationPlatforms) = postSolution
		{FD4333A7-8D51-4D81-8F14-0619525F697E}.Debug|Any CPU.ActiveCfg = Debug|Any CPU
		{FD4333A7-8D51-4D81-8F14-0619525F697E}.Debug|Any CPU.Build.0 = Debug|Any CPU
		{FD4333A7-8D51-4D81-8F14-0619525F697E}.Release|Any CPU.ActiveCfg = Release|Any CPU
		{FD4333A7-8D51-4D81-8F14-0619525F697E}.Release|Any CPU.Build.0 = Release|Any CPU
	EndGlobalSection
	GlobalSection(SolutionProperties) = preSolution
		HideSolutionNode = FALSE
	EndGlobalSection
	GlobalSection(ExtensibilityGlobals) = postSolution
		SolutionGuid = {D86F4998-DBE8-459C-97E1-1DC1FF8F2CDC}
	EndGlobalSection
EndGlobal
